
Microsoft Visual Studio Solution File, Format Version 12.00
# Visual Studio 15
VisualStudioVersion = 15.0.28307.1169
MinimumVisualStudioVersion = 10.0.40219.1
Project("{FAE04EC0-301F-11D3-BF4B-00C04F79EFBC}") = "WebApplication1", "WebApplication1\WebApplication1.csproj", "{4166F715-4DCA-4F80-9FBC-437C65CAC459}"
EndProject
Global
	GlobalSection(SolutionConfigurationPlatforms) = preSolution
		Debug|Any CPU = Debug|Any CPU
		Release|Any CPU = Release|Any CPU
	EndGlobalSection
	GlobalSection(ProjectConfigurationPlatforms) = postSolution
		{4166F715-4DCA-4F80-9FBC-437C65CAC459}.Debug|Any CPU.ActiveCfg = Debug|Any CPU
		{4166F715-4DCA-4F80-9FBC-437C65CAC459}.Debug|Any CPU.Build.0 = Debug|Any CPU
		{4166F715-4DCA-4F80-9FBC-437C65CAC459}.Release|Any CPU.ActiveCfg = Release|Any CPU
		{4166F715-4DCA-4F80-9FBC-437C65CAC459}.Release|Any CPU.Build.0 = Release|Any CPU
	EndGlobalSection
	GlobalSection(SolutionProperties) = preSolution
		HideSolutionNode = FALSE
	EndGlobalSection
	GlobalSection(ExtensibilityGlobals) = postSolution
		SolutionGuid = {5DB8E519-D175-4A53-8034-5547CED17F1B}
	EndGlobalSection
EndGlobal
